cloud.google.com/go v0.9.0 h1:Vfd+kwJGK6Kmzq6qVrx2rEuya8wPstTpVROxmpoS+K4=
cloud.google.com/go v0.9.0/go.mod h1:aQUYkXzVsufM+DwF1aE+0xfcU+56JwCaLick0ClmMTw=
github.com/aws/aws-sdk-go v1.10.3 h1:qfNmAOR+OMOkOtgvJQncwchalxn8Pd39SdZPXvu8CN8=
github.com/aws/aws-sdk-go v1.10.3/go.mod h1:ZRmQr0FajVIyZ4ZzBYKG5P3ZqPz9IHG41ZoMu1ADI3k=
github.com/davecgh/go-spew v1.1.0/go.mod h1:J7Y8YcW2NihsgmVo/mv3lAwl/skON4iLHjSsI+c5H38=
github.com/davecgh/go-spew v1.1.1 h1:vj9j/u1bqnvCEfJOwUhtlOARqs3+rkHYY13jYWTU97c=
github.com/davecgh/go-spew v1.1.1/go.mod h1:J7Y8YcW2NihsgmVo/mv3lAwl/skON4iLHjSsI+c5H38=
github.com/dgrijalva/jwt-go v3.2.0+incompatible h1:7qlOGliEKZXTDg6OTjfoBKDXWrumCAMpl/TFQ4/5kLM=
github.com/dgrijalva/jwt-go v3.2.0+incompatible/go.mod h1:E3ru+11k8xSBh+hMPgOLZmtrrCbhqsmaPHjLKYnJCaQ=
github.com/disintegration/gift v1.0.0 h1:whtptdjB6gheQRwEQ8K9a88IGELuyxYuJFojBfQLpRI=
github.com/disintegration/gift v1.0.0/go.mod h1:Jh2i7f7Q2BM7Ezno3PhfezbR1xpUg9dUg3/RlKGr4HI=
github.com/disintegration/letteravatar v0.0.0-20160912210445-1a457b860450 h1:bONK4hIXo1mYT3u9dtW7mH7xsy6PwzwxW//IxAlPrbI=
github.com/disintegration/letteravatar v0.0.0-20160912210445-1a457b860450/go.mod h1:/xRvTkTQVbtTtCoVg1yFA4/mrCtaqEw5SaHacBbcT5I=
github.com/go-chi/chi v3.0.0+incompatible h1:zY9VclFwassHoR3Zicq9B8iu+4t5PMrjnOc8Ac6khtk=
github.com/go-chi/chi v3.0.0+incompatible/go.mod h1:eB3wogJHnLi3x/kFX2A+IbTBlXxmMeXJVKy9tTv1XzQ=
github.com/go-ini/ini v1.28.0 h1:il7c7Wg8+2+EI6NFuxDuAzSLWiCt0J6WEEszGfHq9K4=
github.com/go-ini/ini v1.28.0/go.mod h1:ByCAeIL28uOIIG0E3PJtZPDL8WnHpFKFOtgjp+3Ies8=
github.com/golang/freetype v0.0.0-20170609003504-e2365dfdc4a0 h1:DACJavvAHhabrF08vX0COfcOBJRhZ8lUbR+ZWIs0Y5g=
github.com/golang/freetype v0.0.0-20170609003504-e2365dfdc4a0/go.mod h1:E/TSTwGwJL78qG/PmXZO1EjYhfJinVAhrmmHX6Z8B9k=
github.com/golang/protobuf v0.0.0-20170622202551-6a1fa9404c0a h1:5X905hYB5maQbwC9ltdknryvCPb4v+D0pWDQXaYQWyk=
github.com/golang/protobuf v0.0.0-20170622202551-6a1fa9404c0a/go.mod h1:6lQm79b+lXiMfvg/cZm0SGofjICqVBUtrP5yJMmIC1U=
github.com/googleapis/gax-go v0.0.0-20170610004246-84ed26760e7f h1:MK5lZt90wiqTQ9hyaMDfzJRok3yiLnSNXAPtxIoklVc=
github.com/googleapis/gax-go v0.0.0-20170610004246-84ed26760e7f/go.mod h1:SFVmujtThgffbyetf+mdk2eWhX2bMyUtNHzFKcPA9HY=
github.com/gopherjs/gopherjs v0.0.0-20181017120253-0766667cb4d1 h1:EGx4pi6eqNxGaHF6qqu48+N2wcFQ5qg5FXgOdqsJ5d8=
github.com/gopherjs/gopherjs v0.0.0-20181017120253-0766667cb4d1/go.mod h1:wJfORRmW1u3UXTncJ5qlYoELFm8eSnnEO6hX4iZ3EWY=
github.com/hashicorp/hcl v0.0.0-20170509225359-392dba7d905e h1:KJWs1uTCkN3E/J5ofCH9Pf8KKsibTFc3fv0CA9+WsVo=
github.com/hashicorp/hcl v0.0.0-20170509225359-392dba7d905e/go.mod h1:oZtUIOe8dh44I2q6ScRibXws4Ajl+d+nod3AaR9vL5w=
github.com/jmespath/go-jmespath v0.0.0-20151117175822-3433f3ea46d9 h1:1SlajWtS+u/6x2Be5vrHyrbSxkeIf/+ISBu//kmjpnc=
github.com/jmespath/go-jmespath v0.0.0-20151117175822-3433f3ea46d9/go.mod h1:Nht3zPeWKUH0NzdCt2Blrr5ys8VGpn0CEB0cQHVjt7k=
github.com/jtolds/gls v4.20.0+incompatible h1:xdiiI2gbIgH/gLH7ADydsJ1uDOEzR8yvV7C0MuV77Wo=
github.com/jtolds/gls v4.20.0+incompatible/go.mod h1:QJZ7F/aHp+rZTRtaJ1ow/lLfFfVYBRgL+9YlvaHOwJU=
github.com/kelseyhightower/envconfig v1.3.0 h1:IvRS4f2VcIQy6j4ORGIf9145T/AsUB+oY8LyvN8BXNM=
github.com/kelseyhightower/envconfig v1.3.0/go.mod h1:cccZRl6mQpaq41TPp5QxidR+Sa3axMbJDNb//FQX6Gg=
github.com/lib/pq v0.0.0-20170603225454-8837942c3e09 h1:Du8GbB9tRExpAtRRdKUY3+1Kjj8Xh86GwBAppQ6DyD0=
github.com/lib/pq v0.0.0-20170603225454-8837942c3e09/go.mod h1:5WUZQaWbwv1U+lTReE5YruASi9Al49XbQIvNi/34Woo=
github.com/pmezard/go-difflib v1.0.0 h1:4DBwDE0NGyQoBHbLQYPwSUPoCMWR5BEzIk/f1lZbAQM=
github.com/pmezard/go-difflib v1.0.0/go.mod h1:iKH77koFhYxTK1pcRnkKkqfTogsbg7gZNVY4sRDYZ/4=
github.com/rwcarlsen/goexif v0.0.0-20150520140647-709fab3d192d h1:0/OVHHIrQqGZxHRbrX3tJx95MkIbzV44KE66ZGkhH+0=
github.com/rwcarlsen/goexif v0.0.0-20150520140647-709fab3d192d/go.mod h1:hPqNNc0+uJM6H+SuU8sEs5K5IQeKccPqeSjfgcKGgPk=
github.com/satori/go.uuid v1.1.0 h1:B9KXyj+GzIpJbV7gmr873NsY6zpbxNy24CBtGrk7jHo=
github.com/satori/go.uuid v1.1.0/go.mod h1:dA0hQrYB0VpLJoorglMZABFdXlWrHn1NEOzdhQKdks0=
github.com/smartystreets/assertions v0.0.0-20180927180507-b2de0cb4f26d h1:zE9ykElWQ6/NYmHa3jpm/yHnI4xSofP+UP6SpjHcSeM=
github.com/smartystreets/assertions v0.0.0-20180927180507-b2de0cb4f26d/go.mod h1:OnSkiWE9lh6wB0YB77sQom3nweQdgAjqCqsofrRNTgc=
github.com/smartystreets/goconvey v1.6.4 h1:fv0U8FUIMPNf1L9lnHLvLhgicrIVChEkdzIKYqbNC9s=
github.com/smartystreets/goconvey v1.6.4/go.mod h1:syvi0/a8iFYH4r/RixwvyeAJjdLS9QV7WQ/tjFTllLA=
github.com/stretchr/objx v0.1.0/go.mod h1:HFkY916IF+rwdDfMAkV7OtwuqBVzrE8GR6GFx+wExME=
github.com/stretchr/testify v1.4.0 h1:2E4SXV/wtOkTonXsotYi4li6zVWxYlZuYNCXe9XRJyk=
github.com/stretchr/testify v1.4.0/go.mod h1:j7eGeouHqKxXV5pUuKE4zz7dFj8WfuZ+81PSLYec5m4=
golang.org/x/crypto v0.0.0-20190308221718-c2843e01d9a2/go.mod h1:djNgcEr1/C05ACkg1iLfiJU5Ep61QUkGW8qpdssI0+w=
golang.org/x/image v0.0.0-20170523021915-426cfd8eeb6e h1:XpoMwibMZa1tYcwJMOcnl1cz9wYgztDuTuyAq5ObgT4=
golang.org/x/image v0.0.0-20170523021915-426cfd8eeb6e/go.mod h1:ux5Hcp/YLpHSI86hEcLt0YII63i6oz57MZXIpbrjZUs=
golang.org/x/net v0.0.0-20190311183353-d8887717615a h1:oWX7TPOiFAMXLq8o0ikBYfCJVlRHBcsciT5bXOrH628=
golang.org/x/net v0.0.0-20190311183353-d8887717615a/go.mod h1:t9HGtf8HONx5eT2rtn7q6eTqICYqUVnKs3thJo3Qplg=
golang.org/x/oauth2 v0.0.0-20170517174439-f047394b6d14 h1:5fvqvN1Glau4dT9f9CReJ/5DQdgl50EfDOzX7jBecZg=
golang.org/x/oauth2 v0.0.0-20170517174439-f047394b6d14/go.mod h1:N/0e6XlmueqKjAGxoOufVs8QHGRruUQn6yWY3a++T0U=
golang.org/x/sync v0.0.0-20190911185100-cd5d95a43a6e h1:vcxGaoTs7kV8m5Np9uUNQin4BrLOthgV7252N8V+FwY=
golang.org/x/sync v0.0.0-20190911185100-cd5d95a43a6e/go.mod h1:RxMgew5VJxzue5/jJTE5uejpjVlOe/izrB70Jof72aM=
golang.org/x/sys v0.0.0-20190215142949-d0b11bdaac8a/go.mod h1:STP8DvDyc/dI5b8T5hshtkjS+E42TnysNCUPdjciGhY=
golang.org/x/text v0.3.0 h1:g61tztE5qeGQ89tm6NTjjM9VPIm088od1l6aSorWRWg=
golang.org/x/text v0.3.0/go.mod h1:NqM8EUOU14njkJ3fqMW+pc6Ldnwhi/IjpwHt7yyuwOQ=
golang.org/x/tools v0.0.0-20190328211700-ab21143f2384/go.mod h1:LCzVGOaR6xXOjkQ3onu1FJEFr0SW1gC7cKk1uF8kGRs=
google.golang.org/api v0.0.0-20170622234117-1ba364a3bb61 h1:77hEpehKLYJsXjIZpJddgoSGK9sWqlcaVuhUWYhtoUY=
google.golang.org/api v0.0.0-20170622234117-1ba364a3bb61/go.mod h1:4mhQ8q/RsB7i+udVvVy5NUi08OU8ZlA0gRVgrF7VFY0=
google.golang.org/appengine v1.0.0 h1:dN4LljjBKVChsv0XCSI+zbyzdqrkEwX5LQFUMRSGqOc=
google.golang.org/appengine v1.0.0/go.mod h1:EbEs0AVv82hx2wNQdGPgUI5lhzA/G0D9YwlJXL52JkM=
google.golang.org/genproto v0.0.0-20170531203552-aa2eb687b4d3 h1:rsmDI9aCBHRNMo98WtsHjdPg0psgNNKKhYGTMCCp2q0=
google.golang.org/genproto v0.0.0-20170531203552-aa2eb687b4d3/go.mod h1:JiN7NxoALGmiZfu7CAH4rXhgtRTLTxftemlI0sWmxmc=
google.golang.org/grpc v1.4.2 h1:d4DykO1p+3WAqT1w9zFKof8mkM/vYnWI0r8fjVz092o=
google.golang.org/grpc v1.4.2/go.mod h1:yo6s7OP7yaDglbqo1J04qKzAhqBH6lvTonzMVmEdcZw=
gopkg.in/check.v1 v0.0.0-20161208181325-20d25e280405 h1:yhCVgyC4o1eVCa2tZl7eS0r+SDo693bJlVdllGtEeKM=
gopkg.in/check.v1 v0.0.0-20161208181325-20d25e280405/go.mod h1:Co6ibVJAznAaIkqp8huTwlJQCZ016jof/cbN4VW5Yz0=
gopkg.in/dgrijalva/jwt-go.v3 v3.0.0 h1:ERn4mmCuvqnU3Yig8ZwSzl4fEPuJZHYx7VwrNokfpuo=
gopkg.in/dgrijalva/jwt-go.v3 v3.0.0/go.mod h1:hdNXC2Z9yC029rvsQ/on2ZNQ44Z2XToVhpXXbR+J05A=
gopkg.in/yaml.v2 v2.2.2 h1:ZCJp+EgiOT7lHqUV2J862kp8Qj64Jo6az82+3Td9dZw=
gopkg.in/yaml.v2 v2.2.2/go.mod h1:hI93XBmqTisBFMUTm0b8Fm+jr3Dg1NNxqwp+5A1VGuI=
