cloud.google.com/go v0.9.0 h1:Vfd+kwJGK6Kmzq6qVrx2rEuya8wPstTpVROxmpoS+K4=
cloud.google.com/go v0.9.0/go.mod h1:aQUYkXzVsufM+DwF1aE+0xfcU+56JwCaLick0ClmMTw=
github.com/aws/aws-sdk-go v1.10.3 h1:qfNmAOR+OMOkOtgvJQncwchalxn8Pd39SdZPXvu8CN8=
github.com/aws/aws-sdk-go v1.10.3/go.mod h1:ZRmQr0FajVIyZ4ZzBYKG5P3ZqPz9IHG41ZoMu1ADI3k=
github.com/disintegration/gift v1.0.0 h1:whtptdjB6gheQRwEQ8K9a88IGELuyxYuJFojBfQLpRI=
github.com/disintegration/gift v1.0.0/go.mod h1:Jh2i7f7Q2BM7Ezno3PhfezbR1xpUg9dUg3/RlKGr4HI=
github.com/disintegration/letteravatar v0.0.0-20160912210445-1a457b860450 h1:bONK4hIXo1mYT3u9dtW7mH7xsy6PwzwxW//IxAlPrbI=
github.com/disintegration/letteravatar v0.0.0-20160912210445-1a457b860450/go.mod h1:/xRvTkTQVbtTtCoVg1yFA4/mrCtaqEw5SaHacBbcT5I=
github.com/go-chi/chi v3.0.0+incompatible h1:zY9VclFwassHoR3Zicq9B8iu+4t5PMrjnOc8Ac6khtk=
github.com/go-chi/chi v3.0.0+incompatible/go.mod h1:eB3wogJHnLi3x/kFX2A+IbTBlXxmMeXJVKy9tTv1XzQ=
github.com/go-ini/ini v1.28.0 h1:il7c7Wg8+2+EI6NFuxDuAzSLWiCt0J6WEEszGfHq9K4=
github.com/go-ini/ini v1.28.0/go.mod h1:ByCAeIL28uOIIG0E3PJtZPDL8WnHpFKFOtgjp+3Ies8=
github.com/go-sql-driver/mysql v1.3.0 h1:pgwjLi/dvffoP9aabwkT3AKpXQM93QARkjFhDDqC1UE=
github.com/go-sql-driver/mysql v1.3.0/go.mod h1:zAC/RDZ24gD3HViQzih4MyKcchzm+sOG5ZlKdlhCg5w=
github.com/golang/freetype v0.0.0-20170609003504-e2365dfdc4a0 h1:DACJavvAHhabrF08vX0COfcOBJRhZ8lUbR+ZWIs0Y5g=
github.com/golang/freetype v0.0.0-20170609003504-e2365dfdc4a0/go.mod h1:E/TSTwGwJL78qG/PmXZO1EjYhfJinVAhrmmHX6Z8B9k=
github.com/golang/protobuf v0.0.0-20170622202551-6a1fa9404c0a h1:5X905hYB5maQbwC9ltdknryvCPb4v+D0pWDQXaYQWyk=
github.com/golang/protobuf v0.0.0-20170622202551-6a1fa9404c0a/go.mod h1:6lQm79b+lXiMfvg/cZm0SGofjICqVBUtrP5yJMmIC1U=
github.com/googleapis/gax-go v0.0.0-20170610004246-84ed26760e7f h1:MK5lZt90wiqTQ9hyaMDfzJRok3yiLnSNXAPtxIoklVc=
github.com/googleapis/gax-go v0.0.0-20170610004246-84ed26760e7f/go.mod h1:SFVmujtThgffbyetf+mdk2eWhX2bMyUtNHzFKcPA9HY=
github.com/hashicorp/hcl v0.0.0-20170509225359-392dba7d905e h1:KJWs1uTCkN3E/J5ofCH9Pf8KKsibTFc3fv0CA9+WsVo=
github.com/hashicorp/hcl v0.0.0-20170509225359-392dba7d905e/go.mod h1:oZtUIOe8dh44I2q6ScRibXws4Ajl+d+nod3AaR9vL5w=
github.com/jmespath/go-jmespath v0.0.0-20151117175822-3433f3ea46d9 h1:1SlajWtS+u/6x2Be5vrHyrbSxkeIf/+ISBu//kmjpnc=
github.com/jmespath/go-jmespath v0.0.0-20151117175822-3433f3ea46d9/go.mod h1:Nht3zPeWKUH0NzdCt2Blrr5ys8VGpn0CEB0cQHVjt7k=
github.com/kelseyhightower/envconfig v1.3.0 h1:IvRS4f2VcIQy6j4ORGIf9145T/AsUB+oY8LyvN8BXNM=
github.com/kelseyhightower/envconfig v1.3.0/go.mod h1:cccZRl6mQpaq41TPp5QxidR+Sa3axMbJDNb//FQX6Gg=
github.com/lib/pq v0.0.0-20170603225454-8837942c3e09 h1:Du8GbB9tRExpAtRRdKUY3+1Kjj8Xh86GwBAppQ6DyD0=
github.com/lib/pq v0.0.0-20170603225454-8837942c3e09/go.mod h1:5WUZQaWbwv1U+lTReE5YruASi9Al49XbQIvNi/34Woo=
github.com/rwcarlsen/goexif v0.0.0-20150520140647-709fab3d192d h1:0/OVHHIrQqGZxHRbrX3tJx95MkIbzV44KE66ZGkhH+0=
github.com/rwcarlsen/goexif v0.0.0-20150520140647-709fab3d192d/go.mod h1:hPqNNc0+uJM6H+SuU8sEs5K5IQeKccPqeSjfgcKGgPk=
github.com/satori/go.uuid v1.1.0 h1:B9KXyj+GzIpJbV7gmr873NsY6zpbxNy24CBtGrk7jHo=
github.com/satori/go.uuid v1.1.0/go.mod h1:dA0hQrYB0VpLJoorglMZABFdXlWrHn1NEOzdhQKdks0=
golang.org/x/image v0.0.0-20170523021915-426cfd8eeb6e h1:XpoMwibMZa1tYcwJMOcnl1cz9wYgztDuTuyAq5ObgT4=
golang.org/x/image v0.0.0-20170523021915-426cfd8eeb6e/go.mod h1:ux5Hcp/YLpHSI86hEcLt0YII63i6oz57MZXIpbrjZUs=
golang.org/x/net v0.0.0-20170624000434-5f8847ae0d0e h1:QgA/R9W9DdyznLiIOAoxKKvtcI4w7iGwJfQp6PoODgk=
golang.org/x/net v0.0.0-20170624000434-5f8847ae0d0e/go.mod h1:mL1N/T3taQHkDXs73rZJwtUhF3w3ftmwwsq0BUmARs4=
golang.org/x/oauth2 v0.0.0-20170517174439-f047394b6d14 h1:5fvqvN1Glau4dT9f9CReJ/5DQdgl50EfDOzX7jBecZg=
golang.org/x/oauth2 v0.0.0-20170517174439-f047394b6d14/go.mod h1:N/0e6XlmueqKjAGxoOufVs8QHGRruUQn6yWY3a++T0U=
golang.org/x/text v0.0.0-20170620092331-4e9ab9ee170f h1:jGw1QhhDWHRQgSTh6p2DBAmX5YUFZsawD3AErfzDNHY=
golang.org/x/text v0.0.0-20170620092331-4e9ab9ee170f/go.mod h1:NqM8EUOU14njkJ3fqMW+pc6Ldnwhi/IjpwHt7yyuwOQ=
google.golang.org/api v0.0.0-20170622234117-1ba364a3bb61 h1:77hEpehKLYJsXjIZpJddgoSGK9sWqlcaVuhUWYhtoUY=
google.golang.org/api v0.0.0-20170622234117-1ba364a3bb61/go.mod h1:4mhQ8q/RsB7i+udVvVy5NUi08OU8ZlA0gRVgrF7VFY0=
google.golang.org/appengine v1.0.0/go.mod h1:EbEs0AVv82hx2wNQdGPgUI5lhzA/G0D9YwlJXL52JkM=
google.golang.org/genproto v0.0.0-20170531203552-aa2eb687b4d3 h1:rsmDI9aCBHRNMo98WtsHjdPg0psgNNKKhYGTMCCp2q0=
google.golang.org/genproto v0.0.0-20170531203552-aa2eb687b4d3/go.mod h1:JiN7NxoALGmiZfu7CAH4rXhgtRTLTxftemlI0sWmxmc=
google.golang.org/grpc v1.4.2 h1:d4DykO1p+3WAqT1w9zFKof8mkM/vYnWI0r8fjVz092o=
google.golang.org/grpc v1.4.2/go.mod h1:yo6s7OP7yaDglbqo1J04qKzAhqBH6lvTonzMVmEdcZw=
gopkg.in/dgrijalva/jwt-go.v3 v3.0.0 h1:ERn4mmCuvqnU3Yig8ZwSzl4fEPuJZHYx7VwrNokfpuo=
gopkg.in/dgrijalva/jwt-go.v3 v3.0.0/go.mod h1:hdNXC2Z9yC029rvsQ/on2ZNQ44Z2XToVhpXXbR+J05A=
